
Microsoft Visual Studio Solution File, Format Version 11.00
# Visual Studio 2010
Project("{FAE04EC0-301F-11D3-BF4B-00C04F79EFBC}") = "GeekStream", "GeekStream\GeekStream.csproj", "{0F3962A8-D871-4B50-811F-3CFD830D3C1B}"
EndProject
Project("{FAE04EC0-301F-11D3-BF4B-00C04F79EFBC}") = "GeekStream.Core", "GeekStream.Core\GeekStream.Core.csproj", "{320E2191-BAE7-4B7A-B958-48DD87097C73}"
EndProject
Project("{2150E333-8FDC-42A3-9474-1A3956D46DE8}") = "Solution Items", "Solution Items", "{997E1946-DFF5-4A14-A3AF-32C0FAE1CCF5}"
	ProjectSection(SolutionItems) = preProject
		Features.txt = Features.txt
	EndProjectSection
EndProject
Project("{2150E333-8FDC-42A3-9474-1A3956D46DE8}") = "Tests", "Tests", "{CFE06581-F9DE-491E-A977-209AF4D5A826}"
EndProject
Project("{2150E333-8FDC-42A3-9474-1A3956D46DE8}") = ".nuget", ".nuget", "{3B56CD2D-395B-4986-BD53-21360DE3184E}"
	ProjectSection(SolutionItems) = preProject
		.nuget\NuGet.exe = .nuget\NuGet.exe
		.nuget\NuGet.targets = .nuget\NuGet.targets
	EndProjectSection
EndProject
Project("{FAE04EC0-301F-11D3-BF4B-00C04F79EFBC}") = "GeekStream.Admin", "GeekStream.Admin\GeekStream.Admin.csproj", "{04526E96-D4F0-41B0-BC9E-D4FCCFAE2074}"
EndProject
Global
	GlobalSection(SolutionConfigurationPlatforms) = preSolution
		Debug|Any CPU = Debug|Any CPU
		Debug|Mixed Platforms = Debug|Mixed Platforms
		Debug|x86 = Debug|x86
		Release|Any CPU = Release|Any CPU
		Release|Mixed Platforms = Release|Mixed Platforms
		Release|x86 = Release|x86
	EndGlobalSection
	GlobalSection(ProjectConfigurationPlatforms) = postSolution
		{0F3962A8-D871-4B50-811F-3CFD830D3C1B}.Debug|Any CPU.ActiveCfg = Debug|Any CPU
		{0F3962A8-D871-4B50-811F-3CFD830D3C1B}.Debug|Any CPU.Build.0 = Debug|Any CPU
		{0F3962A8-D871-4B50-811F-3CFD830D3C1B}.Debug|Mixed Platforms.ActiveCfg = Debug|Any CPU
		{0F3962A8-D871-4B50-811F-3CFD830D3C1B}.Debug|Mixed Platforms.Build.0 = Debug|Any CPU
		{0F3962A8-D871-4B50-811F-3CFD830D3C1B}.Debug|x86.ActiveCfg = Debug|Any CPU
		{0F3962A8-D871-4B50-811F-3CFD830D3C1B}.Release|Any CPU.ActiveCfg = Release|Any CPU
		{0F3962A8-D871-4B50-811F-3CFD830D3C1B}.Release|Any CPU.Build.0 = Release|Any CPU
		{0F3962A8-D871-4B50-811F-3CFD830D3C1B}.Release|Mixed Platforms.ActiveCfg = Release|Any CPU
		{0F3962A8-D871-4B50-811F-3CFD830D3C1B}.Release|Mixed Platforms.Build.0 = Release|Any CPU
		{0F3962A8-D871-4B50-811F-3CFD830D3C1B}.Release|x86.ActiveCfg = Release|Any CPU
		{320E2191-BAE7-4B7A-B958-48DD87097C73}.Debug|Any CPU.ActiveCfg = Debug|Any CPU
		{320E2191-BAE7-4B7A-B958-48DD87097C73}.Debug|Any CPU.Build.0 = Debug|Any CPU
		{320E2191-BAE7-4B7A-B958-48DD87097C73}.Debug|Mixed Platforms.ActiveCfg = Debug|Any CPU
		{320E2191-BAE7-4B7A-B958-48DD87097C73}.Debug|Mixed Platforms.Build.0 = Debug|Any CPU
		{320E2191-BAE7-4B7A-B958-48DD87097C73}.Debug|x86.ActiveCfg = Debug|Any CPU
		{320E2191-BAE7-4B7A-B958-48DD87097C73}.Release|Any CPU.ActiveCfg = Release|Any CPU
		{320E2191-BAE7-4B7A-B958-48DD87097C73}.Release|Any CPU.Build.0 = Release|Any CPU
		{320E2191-BAE7-4B7A-B958-48DD87097C73}.Release|Mixed Platforms.ActiveCfg = Release|Any CPU
		{320E2191-BAE7-4B7A-B958-48DD87097C73}.Release|Mixed Platforms.Build.0 = Release|Any CPU
		{320E2191-BAE7-4B7A-B958-48DD87097C73}.Release|x86.ActiveCfg = Release|Any CPU
		{04526E96-D4F0-41B0-BC9E-D4FCCFAE2074}.Debug|Any CPU.ActiveCfg = Debug|x86
		{04526E96-D4F0-41B0-BC9E-D4FCCFAE2074}.Debug|Mixed Platforms.ActiveCfg = Debug|x86
		{04526E96-D4F0-41B0-BC9E-D4FCCFAE2074}.Debug|Mixed Platforms.Build.0 = Debug|x86
		{04526E96-D4F0-41B0-BC9E-D4FCCFAE2074}.Debug|x86.ActiveCfg = Debug|x86
		{04526E96-D4F0-41B0-BC9E-D4FCCFAE2074}.Debug|x86.Build.0 = Debug|x86
		{04526E96-D4F0-41B0-BC9E-D4FCCFAE2074}.Release|Any CPU.ActiveCfg = Release|x86
		{04526E96-D4F0-41B0-BC9E-D4FCCFAE2074}.Release|Mixed Platforms.ActiveCfg = Release|x86
		{04526E96-D4F0-41B0-BC9E-D4FCCFAE2074}.Release|Mixed Platforms.Build.0 = Release|x86
		{04526E96-D4F0-41B0-BC9E-D4FCCFAE2074}.Release|x86.ActiveCfg = Release|x86
		{04526E96-D4F0-41B0-BC9E-D4FCCFAE2074}.Release|x86.Build.0 = Release|x86
	EndGlobalSection
	GlobalSection(SolutionProperties) = preSolution
		HideSolutionNode = FALSE
	EndGlobalSection
EndGlobal
